
Microsoft Visual Studio Solution File, Format Version 12.00
# Visual Studio Version 17
VisualStudioVersion = 17.6.33723.286
MinimumVisualStudioVersion = 10.0.40219.1
Project("{9A19103F-16F7-4668-BE54-9A1E7A4F7556}") = "GenerateDtos", "GenerateDtos\GenerateDtos.csproj", "{89EECCE6-D32B-4050-824E-FF9B0CFAAE9E}"
EndProject
Project("{9A19103F-16F7-4668-BE54-9A1E7A4F7556}") = "RestTest", "RestTest\RestTest.csproj", "{5EA37906-087E-4E32-9C92-3089B039F698}"
EndProject
Project("{2150E333-8FDC-42A3-9474-1A3956D46DE8}") = "Solution Items", "Solution Items", "{13D4760C-D7C9-42F2-8CCB-FE535FFA9BBF}"
	ProjectSection(SolutionItems) = preProject
		Sample.txt = Sample.txt
	EndProjectSection
EndProject
Global
	GlobalSection(SolutionConfigurationPlatforms) = preSolution
		Debug|Any CPU = Debug|Any CPU
		Release|Any CPU = Release|Any CPU
	EndGlobalSection
	GlobalSection(ProjectConfigurationPlatforms) = postSolution
		{89EECCE6-D32B-4050-824E-FF9B0CFAAE9E}.Debug|Any CPU.ActiveCfg = Debug|Any CPU
		{89EECCE6-D32B-4050-824E-FF9B0CFAAE9E}.Debug|Any CPU.Build.0 = Debug|Any CPU
		{89EECCE6-D32B-4050-824E-FF9B0CFAAE9E}.Release|Any CPU.ActiveCfg = Release|Any CPU
		{89EECCE6-D32B-4050-824E-FF9B0CFAAE9E}.Release|Any CPU.Build.0 = Release|Any CPU
		{5EA37906-087E-4E32-9C92-3089B039F698}.Debug|Any CPU.ActiveCfg = Debug|Any CPU
		{5EA37906-087E-4E32-9C92-3089B039F698}.Debug|Any CPU.Build.0 = Debug|Any CPU
		{5EA37906-087E-4E32-9C92-3089B039F698}.Release|Any CPU.ActiveCfg = Release|Any CPU
		{5EA37906-087E-4E32-9C92-3089B039F698}.Release|Any CPU.Build.0 = Release|Any CPU
	EndGlobalSection
	GlobalSection(SolutionProperties) = preSolution
		HideSolutionNode = FALSE
	EndGlobalSection
	GlobalSection(ExtensibilityGlobals) = postSolution
		SolutionGuid = {EAB5CCAD-5A63-4149-8C7A-E4A58AB54279}
	EndGlobalSection
EndGlobal
